
Microsoft Visual Studio Solution File, Format Version 9.00
# Visual Studio 2005
Project("{FAE04EC0-301F-11D3-BF4B-00C04F79EFBC}") = "VolumeLoggerUI", "VolumeLoggerUI\VolumeLoggerUI.csproj", "{EAABF629-9CFD-4F3C-A942-3B9A98C0EFF6}"
EndProject
Global
	GlobalSection(SolutionConfigurationPlatforms) = preSolution
		Debug|Any CPU = Debug|Any CPU
		Release|Any CPU = Release|Any CPU
	EndGlobalSection
	GlobalSection(ProjectConfigurationPlatforms) = postSolution
		{EAABF629-9CFD-4F3C-A942-3B9A98C0EFF6}.Debug|Any CPU.ActiveCfg = Debug|Any CPU
		{EAABF629-9CFD-4F3C-A942-3B9A98C0EFF6}.Debug|Any CPU.Build.0 = Debug|Any CPU
		{EAABF629-9CFD-4F3C-A942-3B9A98C0EFF6}.Release|Any CPU.ActiveCfg = Release|Any CPU
		{EAABF629-9CFD-4F3C-A942-3B9A98C0EFF6}.Release|Any CPU.Build.0 = Release|Any CPU
	EndGlobalSection
	GlobalSection(SolutionProperties) = preSolution
		HideSolutionNode = FALSE
	EndGlobalSection
EndGlobal
