Microsoft Visual Studio Solution File, Format Version 9.00
# Visual Studio 2005
Project("{8BC9CEB8-8B4A-11D0-8D11-00A0C91BC942}") = "DisinstallazioneServizio", "DisinstallazioneServizio.vcproj", "{C226B090-2974-40CD-B1C6-8A23F2E8E8B5}"
EndProject
Global
	GlobalSection(SolutionConfigurationPlatforms) = preSolution
		Debug|Win32 = Debug|Win32
		Release|Win32 = Release|Win32
	EndGlobalSection
	GlobalSection(ProjectConfigurationPlatforms) = postSolution
		{C226B090-2974-40CD-B1C6-8A23F2E8E8B5}.Debug|Win32.ActiveCfg = Debug|Win32
		{C226B090-2974-40CD-B1C6-8A23F2E8E8B5}.Debug|Win32.Build.0 = Debug|Win32
		{C226B090-2974-40CD-B1C6-8A23F2E8E8B5}.Release|Win32.ActiveCfg = Release|Win32
		{C226B090-2974-40CD-B1C6-8A23F2E8E8B5}.Release|Win32.Build.0 = Release|Win32
	EndGlobalSection
	GlobalSection(SolutionProperties) = preSolution
		HideSolutionNode = FALSE
	EndGlobalSection
EndGlobal
